
Microsoft Visual Studio Solution File, Format Version 12.00
# Visual Studio Version 17
VisualStudioVersion = 17.0.32014.148
MinimumVisualStudioVersion = 10.0.40219.1
Project("{9A19103F-16F7-4668-BE54-9A1E7A4F7556}") = "KiwiSoft.MailJet", "KiwiSoft.MailJet\KiwiSoft.MailJet.csproj", "{0F2CF19E-F0EA-4DE2-B19C-CAA8059223DD}"
EndProject
Project("{FAE04EC0-301F-11D3-BF4B-00C04F79EFBC}") = "MailTest", "MailTest\MailTest.csproj", "{0970A1D0-863C-4E01-B084-7B4C3053AA98}"
EndProject
Global
	GlobalSection(SolutionConfigurationPlatforms) = preSolution
		Debug|Any CPU = Debug|Any CPU
		Release|Any CPU = Release|Any CPU
	EndGlobalSection
	GlobalSection(ProjectConfigurationPlatforms) = postSolution
		{0F2CF19E-F0EA-4DE2-B19C-CAA8059223DD}.Debug|Any CPU.ActiveCfg = Debug|Any CPU
		{0F2CF19E-F0EA-4DE2-B19C-CAA8059223DD}.Debug|Any CPU.Build.0 = Debug|Any CPU
		{0F2CF19E-F0EA-4DE2-B19C-CAA8059223DD}.Release|Any CPU.ActiveCfg = Release|Any CPU
		{0F2CF19E-F0EA-4DE2-B19C-CAA8059223DD}.Release|Any CPU.Build.0 = Release|Any CPU
		{0970A1D0-863C-4E01-B084-7B4C3053AA98}.Debug|Any CPU.ActiveCfg = Debug|Any CPU
		{0970A1D0-863C-4E01-B084-7B4C3053AA98}.Debug|Any CPU.Build.0 = Debug|Any CPU
		{0970A1D0-863C-4E01-B084-7B4C3053AA98}.Release|Any CPU.ActiveCfg = Release|Any CPU
		{0970A1D0-863C-4E01-B084-7B4C3053AA98}.Release|Any CPU.Build.0 = Release|Any CPU
	EndGlobalSection
	GlobalSection(SolutionProperties) = preSolution
		HideSolutionNode = FALSE
	EndGlobalSection
	GlobalSection(ExtensibilityGlobals) = postSolution
		SolutionGuid = {86952303-96CC-42FA-8708-BB808DEBAB4F}
	EndGlobalSection
EndGlobal
